
Microsoft Visual Studio Solution File, Format Version 12.00
# Visual Studio Version 17
VisualStudioVersion = 17.9.34728.123
MinimumVisualStudioVersion = 10.0.40219.1
Project("{9A19103F-16F7-4668-BE54-9A1E7A4F7556}") = "Order.Api", "Order.Api\Order.Api.csproj", "{9B41FCEF-C688-4EBC-828C-8EAD037A0A7C}"
EndProject
Project("{9A19103F-16F7-4668-BE54-9A1E7A4F7556}") = "Notification.Api", "Notification.Api\Notification.Api.csproj", "{163C6B58-0A49-453A-B195-873A3FA0E796}"
EndProject
Project("{9A19103F-16F7-4668-BE54-9A1E7A4F7556}") = "Stock.Api", "Stock.Api\Stock.Api.csproj", "{DB308E46-5CE3-4403-9CDB-7C3D93A841F7}"
EndProject
Project("{9A19103F-16F7-4668-BE54-9A1E7A4F7556}") = "Order.Service", "Order.Service\Order.Service.csproj", "{D9FA5ED9-D65A-4F37-88E3-27D32797A1AE}"
EndProject
Project("{9A19103F-16F7-4668-BE54-9A1E7A4F7556}") = "Order.Consumer", "Order.Consumer\Order.Consumer.csproj", "{F8F0F17E-7129-463A-80EB-D7894C82FAF0}"
EndProject
Project("{9A19103F-16F7-4668-BE54-9A1E7A4F7556}") = "Stock.Consumer", "Stock.Consumer\Stock.Consumer.csproj", "{6B499B8C-A26E-4151-929D-003A0AA8505B}"
EndProject
Project("{9A19103F-16F7-4668-BE54-9A1E7A4F7556}") = "Notification.Data", "Notification.Data\Notification.Data.csproj", "{E5331322-FE16-4E31-9135-BD18C26E2A5B}"
EndProject
Project("{9A19103F-16F7-4668-BE54-9A1E7A4F7556}") = "Notification.Consumer", "Notification.Consumer\Notification.Consumer.csproj", "{C1B8B8F6-11E8-4EBE-95EC-65DBF46D005D}"
EndProject
Project("{2150E333-8FDC-42A3-9474-1A3956D46DE8}") = "Notification", "Notification", "{73C99030-A2D6-475D-B126-7CEEC00CAB5C}"
EndProject
Project("{2150E333-8FDC-42A3-9474-1A3956D46DE8}") = "Order", "Order", "{2AA2AAF7-88A0-4B90-AFD5-4D1BBC8B3EAF}"
EndProject
Project("{2150E333-8FDC-42A3-9474-1A3956D46DE8}") = "Stock", "Stock", "{C7CA12ED-FE25-41A3-8C39-43936CCFC308}"
EndProject
Project("{9A19103F-16F7-4668-BE54-9A1E7A4F7556}") = "Notification.RabbitMQ", "Notification.RabbitMQ\Notification.RabbitMQ.csproj", "{5E893D6B-53BB-4D08-9859-4E404D04FF50}"
EndProject
Project("{9A19103F-16F7-4668-BE54-9A1E7A4F7556}") = "Notification.Common", "Notification.Common\Notification.Common.csproj", "{E0A66F3A-30EF-44BF-9DA6-3B146DECBB3C}"
EndProject
Project("{FAE04EC0-301F-11D3-BF4B-00C04F79EFBC}") = "Order.Infrastructure", "Order.Infrastructure\Order.Infrastructure.csproj", "{DFA628DE-790C-4171-A6D5-AF4545E0058F}"
EndProject
Project("{FAE04EC0-301F-11D3-BF4B-00C04F79EFBC}") = "Stock.Infrastructure", "Stock.Infrastructure\Stock.Infrastructure.csproj", "{DBA2DD93-60CE-4D9F-98BA-371D7522FE80}"
EndProject
Global
	GlobalSection(SolutionConfigurationPlatforms) = preSolution
		Debug|Any CPU = Debug|Any CPU
		Release|Any CPU = Release|Any CPU
	EndGlobalSection
	GlobalSection(ProjectConfigurationPlatforms) = postSolution
		{9B41FCEF-C688-4EBC-828C-8EAD037A0A7C}.Debug|Any CPU.ActiveCfg = Debug|Any CPU
		{9B41FCEF-C688-4EBC-828C-8EAD037A0A7C}.Debug|Any CPU.Build.0 = Debug|Any CPU
		{9B41FCEF-C688-4EBC-828C-8EAD037A0A7C}.Release|Any CPU.ActiveCfg = Release|Any CPU
		{9B41FCEF-C688-4EBC-828C-8EAD037A0A7C}.Release|Any CPU.Build.0 = Release|Any CPU
		{163C6B58-0A49-453A-B195-873A3FA0E796}.Debug|Any CPU.ActiveCfg = Debug|Any CPU
		{163C6B58-0A49-453A-B195-873A3FA0E796}.Debug|Any CPU.Build.0 = Debug|Any CPU
		{163C6B58-0A49-453A-B195-873A3FA0E796}.Release|Any CPU.ActiveCfg = Release|Any CPU
		{163C6B58-0A49-453A-B195-873A3FA0E796}.Release|Any CPU.Build.0 = Release|Any CPU
		{DB308E46-5CE3-4403-9CDB-7C3D93A841F7}.Debug|Any CPU.ActiveCfg = Debug|Any CPU
		{DB308E46-5CE3-4403-9CDB-7C3D93A841F7}.Debug|Any CPU.Build.0 = Debug|Any CPU
		{DB308E46-5CE3-4403-9CDB-7C3D93A841F7}.Release|Any CPU.ActiveCfg = Release|Any CPU
		{DB308E46-5CE3-4403-9CDB-7C3D93A841F7}.Release|Any CPU.Build.0 = Release|Any CPU
		{D9FA5ED9-D65A-4F37-88E3-27D32797A1AE}.Debug|Any CPU.ActiveCfg = Debug|Any CPU
		{D9FA5ED9-D65A-4F37-88E3-27D32797A1AE}.Debug|Any CPU.Build.0 = Debug|Any CPU
		{D9FA5ED9-D65A-4F37-88E3-27D32797A1AE}.Release|Any CPU.ActiveCfg = Release|Any CPU
		{D9FA5ED9-D65A-4F37-88E3-27D32797A1AE}.Release|Any CPU.Build.0 = Release|Any CPU
		{F8F0F17E-7129-463A-80EB-D7894C82FAF0}.Debug|Any CPU.ActiveCfg = Debug|Any CPU
		{F8F0F17E-7129-463A-80EB-D7894C82FAF0}.Debug|Any CPU.Build.0 = Debug|Any CPU
		{F8F0F17E-7129-463A-80EB-D7894C82FAF0}.Release|Any CPU.ActiveCfg = Release|Any CPU
		{F8F0F17E-7129-463A-80EB-D7894C82FAF0}.Release|Any CPU.Build.0 = Release|Any CPU
		{6B499B8C-A26E-4151-929D-003A0AA8505B}.Debug|Any CPU.ActiveCfg = Debug|Any CPU
		{6B499B8C-A26E-4151-929D-003A0AA8505B}.Debug|Any CPU.Build.0 = Debug|Any CPU
		{6B499B8C-A26E-4151-929D-003A0AA8505B}.Release|Any CPU.ActiveCfg = Release|Any CPU
		{6B499B8C-A26E-4151-929D-003A0AA8505B}.Release|Any CPU.Build.0 = Release|Any CPU
		{E5331322-FE16-4E31-9135-BD18C26E2A5B}.Debug|Any CPU.ActiveCfg = Debug|Any CPU
		{E5331322-FE16-4E31-9135-BD18C26E2A5B}.Debug|Any CPU.Build.0 = Debug|Any CPU
		{E5331322-FE16-4E31-9135-BD18C26E2A5B}.Release|Any CPU.ActiveCfg = Release|Any CPU
		{E5331322-FE16-4E31-9135-BD18C26E2A5B}.Release|Any CPU.Build.0 = Release|Any CPU
		{C1B8B8F6-11E8-4EBE-95EC-65DBF46D005D}.Debug|Any CPU.ActiveCfg = Debug|Any CPU
		{C1B8B8F6-11E8-4EBE-95EC-65DBF46D005D}.Debug|Any CPU.Build.0 = Debug|Any CPU
		{C1B8B8F6-11E8-4EBE-95EC-65DBF46D005D}.Release|Any CPU.ActiveCfg = Release|Any CPU
		{C1B8B8F6-11E8-4EBE-95EC-65DBF46D005D}.Release|Any CPU.Build.0 = Release|Any CPU
		{5E893D6B-53BB-4D08-9859-4E404D04FF50}.Debug|Any CPU.ActiveCfg = Debug|Any CPU
		{5E893D6B-53BB-4D08-9859-4E404D04FF50}.Debug|Any CPU.Build.0 = Debug|Any CPU
		{5E893D6B-53BB-4D08-9859-4E404D04FF50}.Release|Any CPU.ActiveCfg = Release|Any CPU
		{5E893D6B-53BB-4D08-9859-4E404D04FF50}.Release|Any CPU.Build.0 = Release|Any CPU
		{E0A66F3A-30EF-44BF-9DA6-3B146DECBB3C}.Debug|Any CPU.ActiveCfg = Debug|Any CPU
		{E0A66F3A-30EF-44BF-9DA6-3B146DECBB3C}.Debug|Any CPU.Build.0 = Debug|Any CPU
		{E0A66F3A-30EF-44BF-9DA6-3B146DECBB3C}.Release|Any CPU.ActiveCfg = Release|Any CPU
		{E0A66F3A-30EF-44BF-9DA6-3B146DECBB3C}.Release|Any CPU.Build.0 = Release|Any CPU
		{DFA628DE-790C-4171-A6D5-AF4545E0058F}.Debug|Any CPU.ActiveCfg = Debug|Any CPU
		{DFA628DE-790C-4171-A6D5-AF4545E0058F}.Debug|Any CPU.Build.0 = Debug|Any CPU
		{DFA628DE-790C-4171-A6D5-AF4545E0058F}.Release|Any CPU.ActiveCfg = Release|Any CPU
		{DFA628DE-790C-4171-A6D5-AF4545E0058F}.Release|Any CPU.Build.0 = Release|Any CPU
		{DBA2DD93-60CE-4D9F-98BA-371D7522FE80}.Debug|Any CPU.ActiveCfg = Debug|Any CPU
		{DBA2DD93-60CE-4D9F-98BA-371D7522FE80}.Debug|Any CPU.Build.0 = Debug|Any CPU
		{DBA2DD93-60CE-4D9F-98BA-371D7522FE80}.Release|Any CPU.ActiveCfg = Release|Any CPU
		{DBA2DD93-60CE-4D9F-98BA-371D7522FE80}.Release|Any CPU.Build.0 = Release|Any CPU
	EndGlobalSection
	GlobalSection(SolutionProperties) = preSolution
		HideSolutionNode = FALSE
	EndGlobalSection
	GlobalSection(NestedProjects) = preSolution
		{9B41FCEF-C688-4EBC-828C-8EAD037A0A7C} = {2AA2AAF7-88A0-4B90-AFD5-4D1BBC8B3EAF}
		{163C6B58-0A49-453A-B195-873A3FA0E796} = {73C99030-A2D6-475D-B126-7CEEC00CAB5C}
		{DB308E46-5CE3-4403-9CDB-7C3D93A841F7} = {C7CA12ED-FE25-41A3-8C39-43936CCFC308}
		{D9FA5ED9-D65A-4F37-88E3-27D32797A1AE} = {2AA2AAF7-88A0-4B90-AFD5-4D1BBC8B3EAF}
		{F8F0F17E-7129-463A-80EB-D7894C82FAF0} = {2AA2AAF7-88A0-4B90-AFD5-4D1BBC8B3EAF}
		{6B499B8C-A26E-4151-929D-003A0AA8505B} = {C7CA12ED-FE25-41A3-8C39-43936CCFC308}
		{E5331322-FE16-4E31-9135-BD18C26E2A5B} = {73C99030-A2D6-475D-B126-7CEEC00CAB5C}
		{C1B8B8F6-11E8-4EBE-95EC-65DBF46D005D} = {73C99030-A2D6-475D-B126-7CEEC00CAB5C}
		{5E893D6B-53BB-4D08-9859-4E404D04FF50} = {73C99030-A2D6-475D-B126-7CEEC00CAB5C}
		{E0A66F3A-30EF-44BF-9DA6-3B146DECBB3C} = {73C99030-A2D6-475D-B126-7CEEC00CAB5C}
		{DFA628DE-790C-4171-A6D5-AF4545E0058F} = {2AA2AAF7-88A0-4B90-AFD5-4D1BBC8B3EAF}
		{DBA2DD93-60CE-4D9F-98BA-371D7522FE80} = {C7CA12ED-FE25-41A3-8C39-43936CCFC308}
	EndGlobalSection
	GlobalSection(ExtensibilityGlobals) = postSolution
		SolutionGuid = {B6382920-03F7-4D3D-8BE6-58D6BB5D46DC}
	EndGlobalSection
EndGlobal
